
Microsoft Visual Studio Solution File, Format Version 12.00
# Visual Studio Version 16
VisualStudioVersion = 16.0.31624.102
MinimumVisualStudioVersion = 10.0.40219.1
Project("{FAE04EC0-301F-11D3-BF4B-00C04F79EFBC}") = "Tracking.web", "Tracking.web\Tracking.web.csproj", "{7E540C72-B237-41FA-A236-E593DE0D28AA}"
EndProject
Global
	GlobalSection(SolutionConfigurationPlatforms) = preSolution
		Debug|Any CPU = Debug|Any CPU
		Release|Any CPU = Release|Any CPU
	EndGlobalSection
	GlobalSection(ProjectConfigurationPlatforms) = postSolution
		{7E540C72-B237-41FA-A236-E593DE0D28AA}.Debug|Any CPU.ActiveCfg = Debug|Any CPU
		{7E540C72-B237-41FA-A236-E593DE0D28AA}.Debug|Any CPU.Build.0 = Debug|Any CPU
		{7E540C72-B237-41FA-A236-E593DE0D28AA}.Release|Any CPU.ActiveCfg = Release|Any CPU
		{7E540C72-B237-41FA-A236-E593DE0D28AA}.Release|Any CPU.Build.0 = Release|Any CPU
	EndGlobalSection
	GlobalSection(SolutionProperties) = preSolution
		HideSolutionNode = FALSE
	EndGlobalSection
	GlobalSection(ExtensibilityGlobals) = postSolution
		SolutionGuid = {0DB8FC30-9810-461B-8317-BE487D8C7453}
	EndGlobalSection
EndGlobal
